
Microsoft Visual Studio Solution File, Format Version 12.00
# Visual Studio Version 16
VisualStudioVersion = 16.0.31129.286
MinimumVisualStudioVersion = 10.0.40219.1
Project("{FAE04EC0-301F-11D3-BF4B-00C04F79EFBC}") = "RESTClient", "RESTClient.csproj", "{7CF5327F-A1FC-48D9-B588-A8088E307D94}"
EndProject
Global
	GlobalSection(SolutionConfigurationPlatforms) = preSolution
		Debug|Any CPU = Debug|Any CPU
		Release|Any CPU = Release|Any CPU
	EndGlobalSection
	GlobalSection(ProjectConfigurationPlatforms) = postSolution
		{7CF5327F-A1FC-48D9-B588-A8088E307D94}.Debug|Any CPU.ActiveCfg = Debug|Any CPU
		{7CF5327F-A1FC-48D9-B588-A8088E307D94}.Debug|Any CPU.Build.0 = Debug|Any CPU
		{7CF5327F-A1FC-48D9-B588-A8088E307D94}.Release|Any CPU.ActiveCfg = Release|Any CPU
		{7CF5327F-A1FC-48D9-B588-A8088E307D94}.Release|Any CPU.Build.0 = Release|Any CPU
	EndGlobalSection
	GlobalSection(SolutionProperties) = preSolution
		HideSolutionNode = FALSE
	EndGlobalSection
	GlobalSection(ExtensibilityGlobals) = postSolution
		SolutionGuid = {92479852-30D6-4B7F-AAC1-3051FB494B49}
	EndGlobalSection
EndGlobal
